// !$*UTF8*$!
{
	archiveVersion = 1;
	classes = {
	};
	objectVersion = 50;
	objects = {

/* Begin PBXBuildFile section */
		17054EB923015DA000BE0CFF /* RxCocoa.framework in Frameworks */ = {isa = PBXBuildFile; fileRef = 176E6C3D22FA8A1100EB0598 /* RxCocoa.framework */; };
		170B4C072308F6AD007ABB19 /* DetailEditView.swift in Sources */ = {isa = PBXBuildFile; fileRef = 170B4C062308F6AD007ABB19 /* DetailEditView.swift */; };
		171E680022FEAFBF00837B3A /* edit.png in Resources */ = {isa = PBXBuildFile; fileRef = 171E67FF22FEAFBF00837B3A /* edit.png */; };
		1735C01222FFC5CE004B3655 /* RxFSCalendarDelegateProxy.swift in Sources */ = {isa = PBXBuildFile; fileRef = 1735C01122FFC5CE004B3655 /* RxFSCalendarDelegateProxy.swift */; };
		1735C01422FFDBCB004B3655 /* FSCalendar+Rx.swift in Sources */ = {isa = PBXBuildFile; fileRef = 1735C01322FFDBCB004B3655 /* FSCalendar+Rx.swift */; };
		17391B3022FEFBE60019329D /* calendar.png in Resources */ = {isa = PBXBuildFile; fileRef = 17391B2F22FEFBE60019329D /* calendar.png */; };
		17391B3322FF00540019329D /* Ricty-Bold.ttf in Resources */ = {isa = PBXBuildFile; fileRef = 17391B3222FF00380019329D /* Ricty-Bold.ttf */; };
		17391B3422FF00540019329D /* Ricty-Regular.ttf in Resources */ = {isa = PBXBuildFile; fileRef = 17391B3122FF00380019329D /* Ricty-Regular.ttf */; };
		17391B3622FF081C0019329D /* todo.png in Resources */ = {isa = PBXBuildFile; fileRef = 17391B3522FF081C0019329D /* todo.png */; };
		17391B3B22FF16F50019329D /* TopViewModel.swift in Sources */ = {isa = PBXBuildFile; fileRef = 17391B3A22FF16F50019329D /* TopViewModel.swift */; };
		17425EF7230ACE90005D5703 /* DetailEditViewModel.swift in Sources */ = {isa = PBXBuildFile; fileRef = 17425EF6230ACE90005D5703 /* DetailEditViewModel.swift */; };
		17425EF9230AD1A3005D5703 /* hour.png in Resources */ = {isa = PBXBuildFile; fileRef = 17425EF8230AD1A3005D5703 /* hour.png */; };
		17425EFB230AFB44005D5703 /* Spring.framework in Frameworks */ = {isa = PBXBuildFile; fileRef = 17425EFA230AFB44005D5703 /* Spring.framework */; };
		1745A923231DC48600DD6A54 /* String+Extension.swift in Sources */ = {isa = PBXBuildFile; fileRef = 1745A922231DC48600DD6A54 /* String+Extension.swift */; };
		176999FE231CFF9B0074F414 /* Chart.png in Resources */ = {isa = PBXBuildFile; fileRef = 176999FC231CFF9A0074F414 /* Chart.png */; };
		176999FF231CFF9B0074F414 /* ChartFilled.png in Resources */ = {isa = PBXBuildFile; fileRef = 176999FD231CFF9B0074F414 /* ChartFilled.png */; };
		17699A02231D002B0074F414 /* ListFilled.png in Resources */ = {isa = PBXBuildFile; fileRef = 17699A00231D002B0074F414 /* ListFilled.png */; };
		17699A03231D002B0074F414 /* List.png in Resources */ = {isa = PBXBuildFile; fileRef = 17699A01231D002B0074F414 /* List.png */; };
		17699A06231D016A0074F414 /* ChartViewController.swift in Sources */ = {isa = PBXBuildFile; fileRef = 17699A05231D016A0074F414 /* ChartViewController.swift */; };
		17699A08231D01750074F414 /* ListViewController.swift in Sources */ = {isa = PBXBuildFile; fileRef = 17699A07231D01750074F414 /* ListViewController.swift */; };
		17699A0E231D1F150074F414 /* TopView.swift in Sources */ = {isa = PBXBuildFile; fileRef = 17699A0D231D1F150074F414 /* TopView.swift */; };
		176E6C3B22FA885B00EB0598 /* RxSwift.framework in Frameworks */ = {isa = PBXBuildFile; fileRef = 176E6C3A22FA885B00EB0598 /* RxSwift.framework */; };
		176E6C4022FA8AED00EB0598 /* RxRelay.framework in Frameworks */ = {isa = PBXBuildFile; fileRef = 176E6C3F22FA8AEC00EB0598 /* RxRelay.framework */; };
		176E6C4222FA8E0300EB0598 /* FSCalendar.framework in Frameworks */ = {isa = PBXBuildFile; fileRef = 176E6C4122FA8E0200EB0598 /* FSCalendar.framework */; };
		176E6C4522FA8FF400EB0598 /* Util.swift in Sources */ = {isa = PBXBuildFile; fileRef = 176E6C4422FA8FF400EB0598 /* Util.swift */; };
		176E6C4722FA967100EB0598 /* CalculateCalendarLogic.framework in Frameworks */ = {isa = PBXBuildFile; fileRef = 176E6C4622FA967100EB0598 /* CalculateCalendarLogic.framework */; };
		176E6C4A22FA9BFE00EB0598 /* CalendarModel.swift in Sources */ = {isa = PBXBuildFile; fileRef = 176E6C4922FA9BFE00EB0598 /* CalendarModel.swift */; };
		1770552123128525004B435C /* hour-white.png in Resources */ = {isa = PBXBuildFile; fileRef = 1770552023128525004B435C /* hour-white.png */; };
		1770552323128ABE004B435C /* BaseViewController.swift in Sources */ = {isa = PBXBuildFile; fileRef = 1770552223128ABE004B435C /* BaseViewController.swift */; };
		1770552523128AED004B435C /* ToolBarProtocol.swift in Sources */ = {isa = PBXBuildFile; fileRef = 1770552423128AED004B435C /* ToolBarProtocol.swift */; };
		1770552823128B25004B435C /* TransitionProtocol.swift in Sources */ = {isa = PBXBuildFile; fileRef = 1770552723128B25004B435C /* TransitionProtocol.swift */; };
		1770552C23128CDC004B435C /* UIView+Extension.swift in Sources */ = {isa = PBXBuildFile; fileRef = 1770552B23128CDC004B435C /* UIView+Extension.swift */; };
		1770552E231295E1004B435C /* SettingViewController.swift in Sources */ = {isa = PBXBuildFile; fileRef = 1770552D231295E1004B435C /* SettingViewController.swift */; };
		1770553323129C57004B435C /* HomeFilled.png in Resources */ = {isa = PBXBuildFile; fileRef = 1770552F23129C56004B435C /* HomeFilled.png */; };
		1770553423129C57004B435C /* Setting.png in Resources */ = {isa = PBXBuildFile; fileRef = 1770553023129C56004B435C /* Setting.png */; };
		1770553523129C57004B435C /* SettingFilled.png in Resources */ = {isa = PBXBuildFile; fileRef = 1770553123129C56004B435C /* SettingFilled.png */; };
		1770553623129C57004B435C /* Home.png in Resources */ = {isa = PBXBuildFile; fileRef = 1770553223129C57004B435C /* Home.png */; };
		177F87AA231FD77100C1DB3F /* DetailPagingView.swift in Sources */ = {isa = PBXBuildFile; fileRef = 177F87A9231FD77100C1DB3F /* DetailPagingView.swift */; };
		177F87AE231FD8F800C1DB3F /* DetailCell.swift in Sources */ = {isa = PBXBuildFile; fileRef = 177F87AD231FD8F800C1DB3F /* DetailCell.swift */; };
		177F87B0231FE03400C1DB3F /* PagingPerCellFlowLayout.swift in Sources */ = {isa = PBXBuildFile; fileRef = 177F87AF231FE03400C1DB3F /* PagingPerCellFlowLayout.swift */; };
		1791216122FA80FA00CA0B32 /* AppDelegate.swift in Sources */ = {isa = PBXBuildFile; fileRef = 1791216022FA80FA00CA0B32 /* AppDelegate.swift */; };
		1791216322FA80FA00CA0B32 /* TopViewController.swift in Sources */ = {isa = PBXBuildFile; fileRef = 1791216222FA80FA00CA0B32 /* TopViewController.swift */; };
		1791216622FA80FA00CA0B32 /* Main.storyboard in Resources */ = {isa = PBXBuildFile; fileRef = 1791216422FA80FA00CA0B32 /* Main.storyboard */; };
		1791216822FA80FC00CA0B32 /* Assets.xcassets in Resources */ = {isa = PBXBuildFile; fileRef = 1791216722FA80FC00CA0B32 /* Assets.xcassets */; };
		1791216B22FA80FC00CA0B32 /* LaunchScreen.storyboard in Resources */ = {isa = PBXBuildFile; fileRef = 1791216922FA80FC00CA0B32 /* LaunchScreen.storyboard */; };
		1791217622FA80FC00CA0B32 /* nomadonTests.swift in Sources */ = {isa = PBXBuildFile; fileRef = 1791217522FA80FC00CA0B32 /* nomadonTests.swift */; };
		1791218122FA80FC00CA0B32 /* nomadonUITests.swift in Sources */ = {isa = PBXBuildFile; fileRef = 1791218022FA80FC00CA0B32 /* nomadonUITests.swift */; };
		179C0B942301739800F9CFC8 /* HGCircularSlider.framework in Frameworks */ = {isa = PBXBuildFile; fileRef = 179C0B932301739800F9CFC8 /* HGCircularSlider.framework */; };
		17B406EC22FADB7F0069B990 /* Localizable.strings in Resources */ = {isa = PBXBuildFile; fileRef = 17B406EE22FADB7F0069B990 /* Localizable.strings */; };
		17B406F122FADC3B0069B990 /* Localizable.swift in Sources */ = {isa = PBXBuildFile; fileRef = 17B406F022FADC3B0069B990 /* Localizable.swift */; };
		17CE1F9B2336852300189F52 /* RealmSwift.framework in Frameworks */ = {isa = PBXBuildFile; fileRef = 17CE1F992336852300189F52 /* RealmSwift.framework */; };
		17CE1F9C2336852300189F52 /* Realm.framework in Frameworks */ = {isa = PBXBuildFile; fileRef = 17CE1F9A2336852300189F52 /* Realm.framework */; };
		17DE054923091AC000F04826 /* IQKeyboardManagerSwift.framework in Frameworks */ = {isa = PBXBuildFile; fileRef = 17DE054823091AC000F04826 /* IQKeyboardManagerSwift.framework */; };
		17DE054B2309517D00F04826 /* UIColor+Extension.swift in Sources */ = {isa = PBXBuildFile; fileRef = 17DE054A2309517D00F04826 /* UIColor+Extension.swift */; };
/* End PBXBuildFile section */

/* Begin PBXContainerItemProxy section */
		1791217222FA80FC00CA0B32 /* PBXContainerItemProxy */ = {
			isa = PBXContainerItemProxy;
			containerPortal = 1791215522FA80FA00CA0B32 /* Project object */;
			proxyType = 1;
			remoteGlobalIDString = 1791215C22FA80FA00CA0B32;
			remoteInfo = nomadon;
		};
		1791217D22FA80FC00CA0B32 /* PBXContainerItemProxy */ = {
			isa = PBXContainerItemProxy;
			containerPortal = 1791215522FA80FA00CA0B32 /* Project object */;
			proxyType = 1;
			remoteGlobalIDString = 1791215C22FA80FA00CA0B32;
			remoteInfo = nomadon;
		};
/* End PBXContainerItemProxy section */

/* Begin PBXCopyFilesBuildPhase section */
		179C0BB52301804900F9CFC8 /* Embed Frameworks */ = {
			isa = PBXCopyFilesBuildPhase;
			buildActionMask = 2147483647;
			dstPath = "";
			dstSubfolderSpec = 10;
			files = (
			);
			name = "Embed Frameworks";
			runOnlyForDeploymentPostprocessing = 0;
		};
/* End PBXCopyFilesBuildPhase section */

/* Begin PBXFileReference section */
		170B4C062308F6AD007ABB19 /* DetailEditView.swift */ = {isa = PBXFileReference; lastKnownFileType = sourcecode.swift; path = DetailEditView.swift; sourceTree = "<group>"; };
		171E67FF22FEAFBF00837B3A /* edit.png */ = {isa = PBXFileReference; lastKnownFileType = image.png; path = edit.png; sourceTree = "<group>"; };
		1735C01122FFC5CE004B3655 /* RxFSCalendarDelegateProxy.swift */ = {isa = PBXFileReference; lastKnownFileType = sourcecode.swift; path = RxFSCalendarDelegateProxy.swift; sourceTree = "<group>"; };
		1735C01322FFDBCB004B3655 /* FSCalendar+Rx.swift */ = {isa = PBXFileReference; lastKnownFileType = sourcecode.swift; path = "FSCalendar+Rx.swift"; sourceTree = "<group>"; };
		17391B2F22FEFBE60019329D /* calendar.png */ = {isa = PBXFileReference; lastKnownFileType = image.png; path = calendar.png; sourceTree = "<group>"; };
		17391B3122FF00380019329D /* Ricty-Regular.ttf */ = {isa = PBXFileReference; lastKnownFileType = file; path = "Ricty-Regular.ttf"; sourceTree = "<group>"; };
		17391B3222FF00380019329D /* Ricty-Bold.ttf */ = {isa = PBXFileReference; lastKnownFileType = file; path = "Ricty-Bold.ttf"; sourceTree = "<group>"; };
		17391B3522FF081C0019329D /* todo.png */ = {isa = PBXFileReference; lastKnownFileType = image.png; path = todo.png; sourceTree = "<group>"; };
		17391B3A22FF16F50019329D /* TopViewModel.swift */ = {isa = PBXFileReference; lastKnownFileType = sourcecode.swift; path = TopViewModel.swift; sourceTree = "<group>"; };
		17425EF6230ACE90005D5703 /* DetailEditViewModel.swift */ = {isa = PBXFileReference; lastKnownFileType = sourcecode.swift; path = DetailEditViewModel.swift; sourceTree = "<group>"; };
		17425EF8230AD1A3005D5703 /* hour.png */ = {isa = PBXFileReference; lastKnownFileType = image.png; path = hour.png; sourceTree = "<group>"; };
		17425EFA230AFB44005D5703 /* Spring.framework */ = {isa = PBXFileReference; lastKnownFileType = wrapper.framework; name = Spring.framework; path = Carthage/Build/iOS/Spring.framework; sourceTree = "<group>"; };
		1745A922231DC48600DD6A54 /* String+Extension.swift */ = {isa = PBXFileReference; lastKnownFileType = sourcecode.swift; path = "String+Extension.swift"; sourceTree = "<group>"; };
		176999FC231CFF9A0074F414 /* Chart.png */ = {isa = PBXFileReference; lastKnownFileType = image.png; path = Chart.png; sourceTree = "<group>"; };
		176999FD231CFF9B0074F414 /* ChartFilled.png */ = {isa = PBXFileReference; lastKnownFileType = image.png; path = ChartFilled.png; sourceTree = "<group>"; };
		17699A00231D002B0074F414 /* ListFilled.png */ = {isa = PBXFileReference; lastKnownFileType = image.png; path = ListFilled.png; sourceTree = "<group>"; };
		17699A01231D002B0074F414 /* List.png */ = {isa = PBXFileReference; lastKnownFileType = image.png; path = List.png; sourceTree = "<group>"; };
		17699A05231D016A0074F414 /* ChartViewController.swift */ = {isa = PBXFileReference; lastKnownFileType = sourcecode.swift; path = ChartViewController.swift; sourceTree = "<group>"; };
		17699A07231D01750074F414 /* ListViewController.swift */ = {isa = PBXFileReference; lastKnownFileType = sourcecode.swift; path = ListViewController.swift; sourceTree = "<group>"; };
		17699A0D231D1F150074F414 /* TopView.swift */ = {isa = PBXFileReference; fileEncoding = 4; lastKnownFileType = sourcecode.swift; path = TopView.swift; sourceTree = "<group>"; };
		176E6C3A22FA885B00EB0598 /* RxSwift.framework */ = {isa = PBXFileReference; lastKnownFileType = wrapper.framework; name = RxSwift.framework; path = Carthage/Build/iOS/RxSwift.framework; sourceTree = "<group>"; };
		176E6C3D22FA8A1100EB0598 /* RxCocoa.framework */ = {isa = PBXFileReference; lastKnownFileType = wrapper.framework; name = RxCocoa.framework; path = Carthage/Build/iOS/RxCocoa.framework; sourceTree = "<group>"; };
		176E6C3F22FA8AEC00EB0598 /* RxRelay.framework */ = {isa = PBXFileReference; lastKnownFileType = wrapper.framework; name = RxRelay.framework; path = Carthage/Build/iOS/RxRelay.framework; sourceTree = "<group>"; };
		176E6C4122FA8E0200EB0598 /* FSCalendar.framework */ = {isa = PBXFileReference; lastKnownFileType = wrapper.framework; name = FSCalendar.framework; path = Carthage/Build/iOS/FSCalendar.framework; sourceTree = "<group>"; };
		176E6C4422FA8FF400EB0598 /* Util.swift */ = {isa = PBXFileReference; lastKnownFileType = sourcecode.swift; path = Util.swift; sourceTree = "<group>"; };
		176E6C4622FA967100EB0598 /* CalculateCalendarLogic.framework */ = {isa = PBXFileReference; lastKnownFileType = wrapper.framework; name = CalculateCalendarLogic.framework; path = Carthage/Build/iOS/CalculateCalendarLogic.framework; sourceTree = "<group>"; };
		176E6C4922FA9BFE00EB0598 /* CalendarModel.swift */ = {isa = PBXFileReference; lastKnownFileType = sourcecode.swift; path = CalendarModel.swift; sourceTree = "<group>"; };
		1770552023128525004B435C /* hour-white.png */ = {isa = PBXFileReference; lastKnownFileType = image.png; path = "hour-white.png"; sourceTree = "<group>"; };
		1770552223128ABE004B435C /* BaseViewController.swift */ = {isa = PBXFileReference; lastKnownFileType = sourcecode.swift; path = BaseViewController.swift; sourceTree = "<group>"; };
		1770552423128AED004B435C /* ToolBarProtocol.swift */ = {isa = PBXFileReference; lastKnownFileType = sourcecode.swift; path = ToolBarProtocol.swift; sourceTree = "<group>"; };
		1770552723128B25004B435C /* TransitionProtocol.swift */ = {isa = PBXFileReference; lastKnownFileType = sourcecode.swift; path = TransitionProtocol.swift; sourceTree = "<group>"; };
		1770552B23128CDC004B435C /* UIView+Extension.swift */ = {isa = PBXFileReference; lastKnownFileType = sourcecode.swift; path = "UIView+Extension.swift"; sourceTree = "<group>"; };
		1770552D231295E1004B435C /* SettingViewController.swift */ = {isa = PBXFileReference; lastKnownFileType = sourcecode.swift; path = SettingViewController.swift; sourceTree = "<group>"; };
		1770552F23129C56004B435C /* HomeFilled.png */ = {isa = PBXFileReference; lastKnownFileType = image.png; path = HomeFilled.png; sourceTree = "<group>"; };
		1770553023129C56004B435C /* Setting.png */ = {isa = PBXFileReference; lastKnownFileType = image.png; path = Setting.png; sourceTree = "<group>"; };
		1770553123129C56004B435C /* SettingFilled.png */ = {isa = PBXFileReference; lastKnownFileType = image.png; path = SettingFilled.png; sourceTree = "<group>"; };
		1770553223129C57004B435C /* Home.png */ = {isa = PBXFileReference; lastKnownFileType = image.png; path = Home.png; sourceTree = "<group>"; };
		177F87A9231FD77100C1DB3F /* DetailPagingView.swift */ = {isa = PBXFileReference; lastKnownFileType = sourcecode.swift; path = DetailPagingView.swift; sourceTree = "<group>"; };
		177F87AD231FD8F800C1DB3F /* DetailCell.swift */ = {isa = PBXFileReference; lastKnownFileType = sourcecode.swift; path = DetailCell.swift; sourceTree = "<group>"; };
		177F87AF231FE03400C1DB3F /* PagingPerCellFlowLayout.swift */ = {isa = PBXFileReference; lastKnownFileType = sourcecode.swift; path = PagingPerCellFlowLayout.swift; sourceTree = "<group>"; };
		1791215D22FA80FA00CA0B32 /* nomadon.app */ = {isa = PBXFileReference; explicitFileType = wrapper.application; includeInIndex = 0; path = nomadon.app; sourceTree = BUILT_PRODUCTS_DIR; };
		1791216022FA80FA00CA0B32 /* AppDelegate.swift */ = {isa = PBXFileReference; lastKnownFileType = sourcecode.swift; path = AppDelegate.swift; sourceTree = "<group>"; };
		1791216222FA80FA00CA0B32 /* TopViewController.swift */ = {isa = PBXFileReference; lastKnownFileType = sourcecode.swift; path = TopViewController.swift; sourceTree = "<group>"; };
		1791216522FA80FA00CA0B32 /* Base */ = {isa = PBXFileReference; lastKnownFileType = file.storyboard; name = Base; path = Base.lproj/Main.storyboard; sourceTree = "<group>"; };
		1791216722FA80FC00CA0B32 /* Assets.xcassets */ = {isa = PBXFileReference; lastKnownFileType = folder.assetcatalog; path = Assets.xcassets; sourceTree = "<group>"; };
		1791216A22FA80FC00CA0B32 /* Base */ = {isa = PBXFileReference; lastKnownFileType = file.storyboard; name = Base; path = Base.lproj/LaunchScreen.storyboard; sourceTree = "<group>"; };
		1791216C22FA80FC00CA0B32 /* Info.plist */ = {isa = PBXFileReference; lastKnownFileType = text.plist.xml; path = Info.plist; sourceTree = "<group>"; };
		1791217122FA80FC00CA0B32 /* nomadonTests.xctest */ = {isa = PBXFileReference; explicitFileType = wrapper.cfbundle; includeInIndex = 0; path = nomadonTests.xctest; sourceTree = BUILT_PRODUCTS_DIR; };
		1791217522FA80FC00CA0B32 /* nomadonTests.swift */ = {isa = PBXFileReference; lastKnownFileType = sourcecode.swift; path = nomadonTests.swift; sourceTree = "<group>"; };
		1791217722FA80FC00CA0B32 /* Info.plist */ = {isa = PBXFileReference; lastKnownFileType = text.plist.xml; path = Info.plist; sourceTree = "<group>"; };
		1791217C22FA80FC00CA0B32 /* nomadonUITests.xctest */ = {isa = PBXFileReference; explicitFileType = wrapper.cfbundle; includeInIndex = 0; path = nomadonUITests.xctest; sourceTree = BUILT_PRODUCTS_DIR; };
		1791218022FA80FC00CA0B32 /* nomadonUITests.swift */ = {isa = PBXFileReference; lastKnownFileType = sourcecode.swift; path = nomadonUITests.swift; sourceTree = "<group>"; };
		1791218222FA80FC00CA0B32 /* Info.plist */ = {isa = PBXFileReference; lastKnownFileType = text.plist.xml; path = Info.plist; sourceTree = "<group>"; };
		179C0B912301738A00F9CFC8 /* HGCircularSlider.framework.dSYM */ = {isa = PBXFileReference; lastKnownFileType = wrapper.dsym; name = HGCircularSlider.framework.dSYM; path = Carthage/Build/iOS/HGCircularSlider.framework.dSYM; sourceTree = "<group>"; };
		179C0B932301739800F9CFC8 /* HGCircularSlider.framework */ = {isa = PBXFileReference; lastKnownFileType = wrapper.framework; name = HGCircularSlider.framework; path = Carthage/Build/iOS/HGCircularSlider.framework; sourceTree = "<group>"; };
		17B406ED22FADB7F0069B990 /* en */ = {isa = PBXFileReference; lastKnownFileType = text.plist.strings; name = en; path = en.lproj/Localizable.strings; sourceTree = "<group>"; };
		17B406EF22FADBB30069B990 /* ja */ = {isa = PBXFileReference; lastKnownFileType = text.plist.strings; name = ja; path = ja.lproj/Localizable.strings; sourceTree = "<group>"; };
		17B406F022FADC3B0069B990 /* Localizable.swift */ = {isa = PBXFileReference; lastKnownFileType = sourcecode.swift; path = Localizable.swift; sourceTree = "<group>"; };
		17CE1F992336852300189F52 /* RealmSwift.framework */ = {isa = PBXFileReference; lastKnownFileType = wrapper.framework; name = RealmSwift.framework; path = Carthage/Build/iOS/RealmSwift.framework; sourceTree = "<group>"; };
		17CE1F9A2336852300189F52 /* Realm.framework */ = {isa = PBXFileReference; lastKnownFileType = wrapper.framework; name = Realm.framework; path = Carthage/Build/iOS/Realm.framework; sourceTree = "<group>"; };
		17DE054823091AC000F04826 /* IQKeyboardManagerSwift.framework */ = {isa = PBXFileReference; lastKnownFileType = wrapper.framework; name = IQKeyboardManagerSwift.framework; path = Carthage/Build/iOS/IQKeyboardManagerSwift.framework; sourceTree = "<group>"; };
		17DE054A2309517D00F04826 /* UIColor+Extension.swift */ = {isa = PBXFileReference; lastKnownFileType = sourcecode.swift; path = "UIColor+Extension.swift"; sourceTree = "<group>"; };
/* End PBXFileReference section */

/* Begin PBXFrameworksBuildPhase section */
		1791215A22FA80FA00CA0B32 /* Frameworks */ = {
			isa = PBXFrameworksBuildPhase;
			buildActionMask = 2147483647;
			files = (
				17CE1F9B2336852300189F52 /* RealmSwift.framework in Frameworks */,
				17CE1F9C2336852300189F52 /* Realm.framework in Frameworks */,
				17425EFB230AFB44005D5703 /* Spring.framework in Frameworks */,
				17DE054923091AC000F04826 /* IQKeyboardManagerSwift.framework in Frameworks */,
				179C0B942301739800F9CFC8 /* HGCircularSlider.framework in Frameworks */,
				17054EB923015DA000BE0CFF /* RxCocoa.framework in Frameworks */,
				176E6C4722FA967100EB0598 /* CalculateCalendarLogic.framework in Frameworks */,
				176E6C4222FA8E0300EB0598 /* FSCalendar.framework in Frameworks */,
				176E6C4022FA8AED00EB0598 /* RxRelay.framework in Frameworks */,
				176E6C3B22FA885B00EB0598 /* RxSwift.framework in Frameworks */,
			);
			runOnlyForDeploymentPostprocessing = 0;
		};
		1791216E22FA80FC00CA0B32 /* Frameworks */ = {
			isa = PBXFrameworksBuildPhase;
			buildActionMask = 2147483647;
			files = (
			);
			runOnlyForDeploymentPostprocessing = 0;
		};
		1791217922FA80FC00CA0B32 /* Frameworks */ = {
			isa = PBXFrameworksBuildPhase;
			buildActionMask = 2147483647;
			files = (
			);
			runOnlyForDeploymentPostprocessing = 0;
		};
/* End PBXFrameworksBuildPhase section */

/* Begin PBXGroup section */
		1735C01022FFC58A004B3655 /* Extensions */ = {
			isa = PBXGroup;
			children = (
				17DE054A2309517D00F04826 /* UIColor+Extension.swift */,
				1770552B23128CDC004B435C /* UIView+Extension.swift */,
				1735C01122FFC5CE004B3655 /* RxFSCalendarDelegateProxy.swift */,
				1735C01322FFDBCB004B3655 /* FSCalendar+Rx.swift */,
				1745A922231DC48600DD6A54 /* String+Extension.swift */,
			);
			path = Extensions;
			sourceTree = "<group>";
		};
		17391B2B22FEC5170019329D /* Views */ = {
			isa = PBXGroup;
			children = (
				1770552223128ABE004B435C /* BaseViewController.swift */,
				17699A04231D014C0074F414 /* TopView */,
				17699A07231D01750074F414 /* ListViewController.swift */,
				17699A05231D016A0074F414 /* ChartViewController.swift */,
				1770552D231295E1004B435C /* SettingViewController.swift */,
			);
			path = Views;
			sourceTree = "<group>";
		};
		17391B2C22FEFAE60019329D /* asset */ = {
			isa = PBXGroup;
			children = (
				17699A01231D002B0074F414 /* List.png */,
				17699A00231D002B0074F414 /* ListFilled.png */,
				176999FC231CFF9A0074F414 /* Chart.png */,
				176999FD231CFF9B0074F414 /* ChartFilled.png */,
				17425EF8230AD1A3005D5703 /* hour.png */,
				1770553223129C57004B435C /* Home.png */,
				1770552F23129C56004B435C /* HomeFilled.png */,
				1770553023129C56004B435C /* Setting.png */,
				1770553123129C56004B435C /* SettingFilled.png */,
				17391B3522FF081C0019329D /* todo.png */,
				17391B2F22FEFBE60019329D /* calendar.png */,
				1770552023128525004B435C /* hour-white.png */,
				171E67FF22FEAFBF00837B3A /* edit.png */,
				17391B3222FF00380019329D /* Ricty-Bold.ttf */,
				17391B3122FF00380019329D /* Ricty-Regular.ttf */,
			);
			path = asset;
			sourceTree = "<group>";
		};
		17391B3922FF16E30019329D /* ViewModels */ = {
			isa = PBXGroup;
			children = (
				17391B3A22FF16F50019329D /* TopViewModel.swift */,
				17425EF6230ACE90005D5703 /* DetailEditViewModel.swift */,
			);
			path = ViewModels;
			sourceTree = "<group>";
		};
		17699A04231D014C0074F414 /* TopView */ = {
			isa = PBXGroup;
			children = (
				170B4C062308F6AD007ABB19 /* DetailEditView.swift */,
				1791216222FA80FA00CA0B32 /* TopViewController.swift */,
				17699A0D231D1F150074F414 /* TopView.swift */,
				177F87A9231FD77100C1DB3F /* DetailPagingView.swift */,
				177F87AD231FD8F800C1DB3F /* DetailCell.swift */,
				177F87AF231FE03400C1DB3F /* PagingPerCellFlowLayout.swift */,
			);
			path = TopView;
			sourceTree = "<group>";
		};
		176E6C3922FA885B00EB0598 /* Frameworks */ = {
			isa = PBXGroup;
			children = (
				17CE1F9A2336852300189F52 /* Realm.framework */,
				17CE1F992336852300189F52 /* RealmSwift.framework */,
				17425EFA230AFB44005D5703 /* Spring.framework */,
				17DE054823091AC000F04826 /* IQKeyboardManagerSwift.framework */,
				179C0B932301739800F9CFC8 /* HGCircularSlider.framework */,
				179C0B912301738A00F9CFC8 /* HGCircularSlider.framework.dSYM */,
				176E6C4622FA967100EB0598 /* CalculateCalendarLogic.framework */,
				176E6C4122FA8E0200EB0598 /* FSCalendar.framework */,
				176E6C3F22FA8AEC00EB0598 /* RxRelay.framework */,
				176E6C3D22FA8A1100EB0598 /* RxCocoa.framework */,
				176E6C3A22FA885B00EB0598 /* RxSwift.framework */,
			);
			name = Frameworks;
			sourceTree = "<group>";
		};
		176E6C4322FA8FD900EB0598 /* util */ = {
			isa = PBXGroup;
			children = (
				176E6C4422FA8FF400EB0598 /* Util.swift */,
				17B406F022FADC3B0069B990 /* Localizable.swift */,
			);
			path = util;
			sourceTree = "<group>";
		};
		176E6C4822FA997400EB0598 /* Models */ = {
			isa = PBXGroup;
			children = (
				176E6C4922FA9BFE00EB0598 /* CalendarModel.swift */,
			);
			path = Models;
			sourceTree = "<group>";
		};
		1770552623128B0E004B435C /* Protocols */ = {
			isa = PBXGroup;
			children = (
				1770552423128AED004B435C /* ToolBarProtocol.swift */,
				1770552723128B25004B435C /* TransitionProtocol.swift */,
			);
			path = Protocols;
			sourceTree = "<group>";
		};
		1791215422FA80FA00CA0B32 = {
			isa = PBXGroup;
			children = (
				1791215F22FA80FA00CA0B32 /* nomadon */,
				1791217422FA80FC00CA0B32 /* nomadonTests */,
				1791217F22FA80FC00CA0B32 /* nomadonUITests */,
				1791215E22FA80FA00CA0B32 /* Products */,
				176E6C3922FA885B00EB0598 /* Frameworks */,
			);
			sourceTree = "<group>";
		};
		1791215E22FA80FA00CA0B32 /* Products */ = {
			isa = PBXGroup;
			children = (
				1791215D22FA80FA00CA0B32 /* nomadon.app */,
				1791217122FA80FC00CA0B32 /* nomadonTests.xctest */,
				1791217C22FA80FC00CA0B32 /* nomadonUITests.xctest */,
			);
			name = Products;
			sourceTree = "<group>";
		};
		1791215F22FA80FA00CA0B32 /* nomadon */ = {
			isa = PBXGroup;
			children = (
				1791216022FA80FA00CA0B32 /* AppDelegate.swift */,
				1770552623128B0E004B435C /* Protocols */,
				1735C01022FFC58A004B3655 /* Extensions */,
				17391B2B22FEC5170019329D /* Views */,
				17391B3922FF16E30019329D /* ViewModels */,
				176E6C4822FA997400EB0598 /* Models */,
				176E6C4322FA8FD900EB0598 /* util */,
				17391B2C22FEFAE60019329D /* asset */,
				1791216422FA80FA00CA0B32 /* Main.storyboard */,
				1791216722FA80FC00CA0B32 /* Assets.xcassets */,
				1791216922FA80FC00CA0B32 /* LaunchScreen.storyboard */,
				1791216C22FA80FC00CA0B32 /* Info.plist */,
				17B406EE22FADB7F0069B990 /* Localizable.strings */,
			);
			path = nomadon;
			sourceTree = "<group>";
		};
		1791217422FA80FC00CA0B32 /* nomadonTests */ = {
			isa = PBXGroup;
			children = (
				1791217522FA80FC00CA0B32 /* nomadonTests.swift */,
				1791217722FA80FC00CA0B32 /* Info.plist */,
			);
			path = nomadonTests;
			sourceTree = "<group>";
		};
		1791217F22FA80FC00CA0B32 /* nomadonUITests */ = {
			isa = PBXGroup;
			children = (
				1791218022FA80FC00CA0B32 /* nomadonUITests.swift */,
				1791218222FA80FC00CA0B32 /* Info.plist */,
			);
			path = nomadonUITests;
			sourceTree = "<group>";
		};
/* End PBXGroup section */

/* Begin PBXNativeTarget section */
		1791215C22FA80FA00CA0B32 /* nomadon */ = {
			isa = PBXNativeTarget;
			buildConfigurationList = 1791218522FA80FC00CA0B32 /* Build configuration list for PBXNativeTarget "nomadon" */;
			buildPhases = (
				1791215922FA80FA00CA0B32 /* Sources */,
				1791215A22FA80FA00CA0B32 /* Frameworks */,
				1791215B22FA80FA00CA0B32 /* Resources */,
				176E6C3C22FA886F00EB0598 /* ShellScript */,
				179C0BB52301804900F9CFC8 /* Embed Frameworks */,
			);
			buildRules = (
			);
			dependencies = (
			);
			name = nomadon;
			productName = nomadon;
			productReference = 1791215D22FA80FA00CA0B32 /* nomadon.app */;
			productType = "com.apple.product-type.application";
		};
		1791217022FA80FC00CA0B32 /* nomadonTests */ = {
			isa = PBXNativeTarget;
			buildConfigurationList = 1791218822FA80FC00CA0B32 /* Build configuration list for PBXNativeTarget "nomadonTests" */;
			buildPhases = (
				1791216D22FA80FC00CA0B32 /* Sources */,
				1791216E22FA80FC00CA0B32 /* Frameworks */,
				1791216F22FA80FC00CA0B32 /* Resources */,
			);
			buildRules = (
			);
			dependencies = (
				1791217322FA80FC00CA0B32 /* PBXTargetDependency */,
			);
			name = nomadonTests;
			productName = nomadonTests;
			productReference = 1791217122FA80FC00CA0B32 /* nomadonTests.xctest */;
			productType = "com.apple.product-type.bundle.unit-test";
		};
		1791217B22FA80FC00CA0B32 /* nomadonUITests */ = {
			isa = PBXNativeTarget;
			buildConfigurationList = 1791218B22FA80FC00CA0B32 /* Build configuration list for PBXNativeTarget "nomadonUITests" */;
			buildPhases = (
				1791217822FA80FC00CA0B32 /* Sources */,
				1791217922FA80FC00CA0B32 /* Frameworks */,
				1791217A22FA80FC00CA0B32 /* Resources */,
			);
			buildRules = (
			);
			dependencies = (
				1791217E22FA80FC00CA0B32 /* PBXTargetDependency */,
			);
			name = nomadonUITests;
			productName = nomadonUITests;
			productReference = 1791217C22FA80FC00CA0B32 /* nomadonUITests.xctest */;
			productType = "com.apple.product-type.bundle.ui-testing";
		};
/* End PBXNativeTarget section */

/* Begin PBXProject section */
		1791215522FA80FA00CA0B32 /* Project object */ = {
			isa = PBXProject;
			attributes = {
				LastSwiftUpdateCheck = 1020;
				LastUpgradeCheck = 1020;
				ORGANIZATIONNAME = tanaka.naoto;
				TargetAttributes = {
					1791215C22FA80FA00CA0B32 = {
						CreatedOnToolsVersion = 10.2;
					};
					1791217022FA80FC00CA0B32 = {
						CreatedOnToolsVersion = 10.2;
						TestTargetID = 1791215C22FA80FA00CA0B32;
					};
					1791217B22FA80FC00CA0B32 = {
						CreatedOnToolsVersion = 10.2;
						TestTargetID = 1791215C22FA80FA00CA0B32;
					};
				};
			};
			buildConfigurationList = 1791215822FA80FA00CA0B32 /* Build configuration list for PBXProject "nomadon" */;
			compatibilityVersion = "Xcode 9.3";
			developmentRegion = en;
			hasScannedForEncodings = 0;
			knownRegions = (
				en,
				Base,
				ja,
			);
			mainGroup = 1791215422FA80FA00CA0B32;
			productRefGroup = 1791215E22FA80FA00CA0B32 /* Products */;
			projectDirPath = "";
			projectRoot = "";
			targets = (
				1791215C22FA80FA00CA0B32 /* nomadon */,
				1791217022FA80FC00CA0B32 /* nomadonTests */,
				1791217B22FA80FC00CA0B32 /* nomadonUITests */,
			);
		};
/* End PBXProject section */

/* Begin PBXResourcesBuildPhase section */
		1791215B22FA80FA00CA0B32 /* Resources */ = {
			isa = PBXResourcesBuildPhase;
			buildActionMask = 2147483647;
			files = (
				17391B3322FF00540019329D /* Ricty-Bold.ttf in Resources */,
				1770553423129C57004B435C /* Setting.png in Resources */,
				17425EF9230AD1A3005D5703 /* hour.png in Resources */,
				17391B3422FF00540019329D /* Ricty-Regular.ttf in Resources */,
				17391B3622FF081C0019329D /* todo.png in Resources */,
				176999FF231CFF9B0074F414 /* ChartFilled.png in Resources */,
				1791216B22FA80FC00CA0B32 /* LaunchScreen.storyboard in Resources */,
				17699A02231D002B0074F414 /* ListFilled.png in Resources */,
				171E680022FEAFBF00837B3A /* edit.png in Resources */,
				17391B3022FEFBE60019329D /* calendar.png in Resources */,
				17699A03231D002B0074F414 /* List.png in Resources */,
				17B406EC22FADB7F0069B990 /* Localizable.strings in Resources */,
				1791216822FA80FC00CA0B32 /* Assets.xcassets in Resources */,
				1770553523129C57004B435C /* SettingFilled.png in Resources */,
				1791216622FA80FA00CA0B32 /* Main.storyboard in Resources */,
				1770553623129C57004B435C /* Home.png in Resources */,
				1770553323129C57004B435C /* HomeFilled.png in Resources */,
				176999FE231CFF9B0074F414 /* Chart.png in Resources */,
				1770552123128525004B435C /* hour-white.png in Resources */,
			);
			runOnlyForDeploymentPostprocessing = 0;
		};
		1791216F22FA80FC00CA0B32 /* Resources */ = {
			isa = PBXResourcesBuildPhase;
			buildActionMask = 2147483647;
			files = (
			);
			runOnlyForDeploymentPostprocessing = 0;
		};
		1791217A22FA80FC00CA0B32 /* Resources */ = {
			isa = PBXResourcesBuildPhase;
			buildActionMask = 2147483647;
			files = (
			);
			runOnlyForDeploymentPostprocessing = 0;
		};
/* End PBXResourcesBuildPhase section */

/* Begin PBXShellScriptBuildPhase section */
		176E6C3C22FA886F00EB0598 /* ShellScript */ = {
			isa = PBXShellScriptBuildPhase;
			buildActionMask = 2147483647;
			files = (
			);
			inputFileListPaths = (
			);
			inputPaths = (
				"$(SRCROOT)/Carthage/Build/iOS/RxSwift.framework",
				"$(SRCROOT)/Carthage/Build/iOS/RxRelay.framework",
				"$(SRCROOT)/Carthage/Build/iOS/FSCalendar.framework",
				"$(SRCROOT)/Carthage/Build/iOS/CalculateCalendarLogic.framework",
				"$(SRCROOT)/Carthage/Build/iOS/RxCocoa.framework",
				"$(SRCROOT)/Carthage/Build/iOS/HGCircularSlider.framework",
				"$(SRCROOT)/Carthage/Build/iOS/IQKeyboardManagerSwift.framework",
				"$(SRCROOT)/Carthage/Build/iOS/Spring.framework",
				"$(SRCROOT)/Carthage/Build/iOS/RealmSwift.framework",
				"$(SRCROOT)/Carthage/Build/iOS/Realm.framework",
			);
			outputFileListPaths = (
			);
			outputPaths = (
			);
			runOnlyForDeploymentPostprocessing = 0;
			shellPath = /bin/sh;
			shellScript = "/usr/local/bin/carthage copy-frameworks\n";
		};
/* End PBXShellScriptBuildPhase section */

/* Begin PBXSourcesBuildPhase section */
		1791215922FA80FA00CA0B32 /* Sources */ = {
			isa = PBXSourcesBuildPhase;
			buildActionMask = 2147483647;
			files = (
				1770552823128B25004B435C /* TransitionProtocol.swift in Sources */,
				17DE054B2309517D00F04826 /* UIColor+Extension.swift in Sources */,
				1735C01422FFDBCB004B3655 /* FSCalendar+Rx.swift in Sources */,
				1791216322FA80FA00CA0B32 /* TopViewController.swift in Sources */,
				17699A06231D016A0074F414 /* ChartViewController.swift in Sources */,
				177F87AA231FD77100C1DB3F /* DetailPagingView.swift in Sources */,
				1770552E231295E1004B435C /* SettingViewController.swift in Sources */,
				177F87AE231FD8F800C1DB3F /* DetailCell.swift in Sources */,
				17699A0E231D1F150074F414 /* TopView.swift in Sources */,
				1770552323128ABE004B435C /* BaseViewController.swift in Sources */,
				177F87B0231FE03400C1DB3F /* PagingPerCellFlowLayout.swift in Sources */,
				1745A923231DC48600DD6A54 /* String+Extension.swift in Sources */,
				176E6C4A22FA9BFE00EB0598 /* CalendarModel.swift in Sources */,
				17425EF7230ACE90005D5703 /* DetailEditViewModel.swift in Sources */,
				17391B3B22FF16F50019329D /* TopViewModel.swift in Sources */,
				17B406F122FADC3B0069B990 /* Localizable.swift in Sources */,
				1770552C23128CDC004B435C /* UIView+Extension.swift in Sources */,
				1735C01222FFC5CE004B3655 /* RxFSCalendarDelegateProxy.swift in Sources */,
				170B4C072308F6AD007ABB19 /* DetailEditView.swift in Sources */,
				176E6C4522FA8FF400EB0598 /* Util.swift in Sources */,
				1791216122FA80FA00CA0B32 /* AppDelegate.swift in Sources */,
				17699A08231D01750074F414 /* ListViewController.swift in Sources */,
				1770552523128AED004B435C /* ToolBarProtocol.swift in Sources */,
			);
			runOnlyForDeploymentPostprocessing = 0;
		};
		1791216D22FA80FC00CA0B32 /* Sources */ = {
			isa = PBXSourcesBuildPhase;
			buildActionMask = 2147483647;
			files = (
				1791217622FA80FC00CA0B32 /* nomadonTests.swift in Sources */,
			);
			runOnlyForDeploymentPostprocessing = 0;
		};
		1791217822FA80FC00CA0B32 /* Sources */ = {
			isa = PBXSourcesBuildPhase;
			buildActionMask = 2147483647;
			files = (
				1791218122FA80FC00CA0B32 /* nomadonUITests.swift in Sources */,
			);
			runOnlyForDeploymentPostprocessing = 0;
		};
/* End PBXSourcesBuildPhase section */

/* Begin PBXTargetDependency section */
		1791217322FA80FC00CA0B32 /* PBXTargetDependency */ = {
			isa = PBXTargetDependency;
			target = 1791215C22FA80FA00CA0B32 /* nomadon */;
			targetProxy = 1791217222FA80FC00CA0B32 /* PBXContainerItemProxy */;
		};
		1791217E22FA80FC00CA0B32 /* PBXTargetDependency */ = {
			isa = PBXTargetDependency;
			target = 1791215C22FA80FA00CA0B32 /* nomadon */;
			targetProxy = 1791217D22FA80FC00CA0B32 /* PBXContainerItemProxy */;
		};
/* End PBXTargetDependency section */

/* Begin PBXVariantGroup section */
		1791216422FA80FA00CA0B32 /* Main.storyboard */ = {
			isa = PBXVariantGroup;
			children = (
				1791216522FA80FA00CA0B32 /* Base */,
			);
			name = Main.storyboard;
			sourceTree = "<group>";
		};
		1791216922FA80FC00CA0B32 /* LaunchScreen.storyboard */ = {
			isa = PBXVariantGroup;
			children = (
				1791216A22FA80FC00CA0B32 /* Base */,
			);
			name = LaunchScreen.storyboard;
			sourceTree = "<group>";
		};
		17B406EE22FADB7F0069B990 /* Localizable.strings */ = {
			isa = PBXVariantGroup;
			children = (
				17B406ED22FADB7F0069B990 /* en */,
				17B406EF22FADBB30069B990 /* ja */,
			);
			name = Localizable.strings;
			sourceTree = "<group>";
		};
/* End PBXVariantGroup section */

/* Begin XCBuildConfiguration section */
		1791218322FA80FC00CA0B32 /* Debug */ = {
			isa = XCBuildConfiguration;
			buildSettings = {
				ALWAYS_SEARCH_USER_PATHS = NO;
				CLANG_ANALYZER_LOCALIZABILITY_NONLOCALIZED = YES;
				CLANG_ANALYZER_NONNULL = YES;
				CLANG_ANALYZER_NUMBER_OBJECT_CONVERSION = YES_AGGRESSIVE;
				CLANG_CXX_LANGUAGE_STANDARD = "gnu++14";
				CLANG_CXX_LIBRARY = "libc++";
				CLANG_ENABLE_MODULES = YES;
				CLANG_ENABLE_OBJC_ARC = YES;
				CLANG_ENABLE_OBJC_WEAK = YES;
				CLANG_WARN_BLOCK_CAPTURE_AUTORELEASING = YES;
				CLANG_WARN_BOOL_CONVERSION = YES;
				CLANG_WARN_COMMA = YES;
				CLANG_WARN_CONSTANT_CONVERSION = YES;
				CLANG_WARN_DEPRECATED_OBJC_IMPLEMENTATIONS = YES;
				CLANG_WARN_DIRECT_OBJC_ISA_USAGE = YES_ERROR;
				CLANG_WARN_DOCUMENTATION_COMMENTS = YES;
				CLANG_WARN_EMPTY_BODY = YES;
				CLANG_WARN_ENUM_CONVERSION = YES;
				CLANG_WARN_INFINITE_RECURSION = YES;
				CLANG_WARN_INT_CONVERSION = YES;
				CLANG_WARN_NON_LITERAL_NULL_CONVERSION = YES;
				CLANG_WARN_OBJC_IMPLICIT_RETAIN_SELF = YES;
				CLANG_WARN_OBJC_LITERAL_CONVERSION = YES;
				CLANG_WARN_OBJC_ROOT_CLASS = YES_ERROR;
				CLANG_WARN_RANGE_LOOP_ANALYSIS = YES;
				CLANG_WARN_STRICT_PROTOTYPES = YES;
				CLANG_WARN_SUSPICIOUS_MOVE = YES;
				CLANG_WARN_UNGUARDED_AVAILABILITY = YES_AGGRESSIVE;
				CLANG_WARN_UNREACHABLE_CODE = YES;
				CLANG_WARN__DUPLICATE_METHOD_MATCH = YES;
				CODE_SIGN_IDENTITY = "iPhone Developer";
				COPY_PHASE_STRIP = NO;
				DEBUG_INFORMATION_FORMAT = dwarf;
				ENABLE_STRICT_OBJC_MSGSEND = YES;
				ENABLE_TESTABILITY = YES;
				GCC_C_LANGUAGE_STANDARD = gnu11;
				GCC_DYNAMIC_NO_PIC = NO;
				GCC_NO_COMMON_BLOCKS = YES;
				GCC_OPTIMIZATION_LEVEL = 0;
				GCC_PREPROCESSOR_DEFINITIONS = (
					"DEBUG=1",
					"$(inherited)",
				);
				GCC_WARN_64_TO_32_BIT_CONVERSION = YES;
				GCC_WARN_ABOUT_RETURN_TYPE = YES_ERROR;
				GCC_WARN_UNDECLARED_SELECTOR = YES;
				GCC_WARN_UNINITIALIZED_AUTOS = YES_AGGRESSIVE;
				GCC_WARN_UNUSED_FUNCTION = YES;
				GCC_WARN_UNUSED_VARIABLE = YES;
				IPHONEOS_DEPLOYMENT_TARGET = 12.2;
				MTL_ENABLE_DEBUG_INFO = INCLUDE_SOURCE;
				MTL_FAST_MATH = YES;
				ONLY_ACTIVE_ARCH = YES;
				SDKROOT = iphoneos;
				SWIFT_ACTIVE_COMPILATION_CONDITIONS = DEBUG;
				SWIFT_OPTIMIZATION_LEVEL = "-Onone";
			};
			name = Debug;
		};
		1791218422FA80FC00CA0B32 /* Release */ = {
			isa = XCBuildConfiguration;
			buildSettings = {
				ALWAYS_SEARCH_USER_PATHS = NO;
				CLANG_ANALYZER_LOCALIZABILITY_NONLOCALIZED = YES;
				CLANG_ANALYZER_NONNULL = YES;
				CLANG_ANALYZER_NUMBER_OBJECT_CONVERSION = YES_AGGRESSIVE;
				CLANG_CXX_LANGUAGE_STANDARD = "gnu++14";
				CLANG_CXX_LIBRARY = "libc++";
				CLANG_ENABLE_MODULES = YES;
				CLANG_ENABLE_OBJC_ARC = YES;
				CLANG_ENABLE_OBJC_WEAK = YES;
				CLANG_WARN_BLOCK_CAPTURE_AUTORELEASING = YES;
				CLANG_WARN_BOOL_CONVERSION = YES;
				CLANG_WARN_COMMA = YES;
				CLANG_WARN_CONSTANT_CONVERSION = YES;
				CLANG_WARN_DEPRECATED_OBJC_IMPLEMENTATIONS = YES;
				CLANG_WARN_DIRECT_OBJC_ISA_USAGE = YES_ERROR;
				CLANG_WARN_DOCUMENTATION_COMMENTS = YES;
				CLANG_WARN_EMPTY_BODY = YES;
				CLANG_WARN_ENUM_CONVERSION = YES;
				CLANG_WARN_INFINITE_RECURSION = YES;
				CLANG_WARN_INT_CONVERSION = YES;
				CLANG_WARN_NON_LITERAL_NULL_CONVERSION = YES;
				CLANG_WARN_OBJC_IMPLICIT_RETAIN_SELF = YES;
				CLANG_WARN_OBJC_LITERAL_CONVERSION = YES;
				CLANG_WARN_OBJC_ROOT_CLASS = YES_ERROR;
				CLANG_WARN_RANGE_LOOP_ANALYSIS = YES;
				CLANG_WARN_STRICT_PROTOTYPES = YES;
				CLANG_WARN_SUSPICIOUS_MOVE = YES;
				CLANG_WARN_UNGUARDED_AVAILABILITY = YES_AGGRESSIVE;
				CLANG_WARN_UNREACHABLE_CODE = YES;
				CLANG_WARN__DUPLICATE_METHOD_MATCH = YES;
				CODE_SIGN_IDENTITY = "iPhone Developer";
				COPY_PHASE_STRIP = NO;
				DEBUG_INFORMATION_FORMAT = "dwarf-with-dsym";
				ENABLE_NS_ASSERTIONS = NO;
				ENABLE_STRICT_OBJC_MSGSEND = YES;
				GCC_C_LANGUAGE_STANDARD = gnu11;
				GCC_NO_COMMON_BLOCKS = YES;
				GCC_WARN_64_TO_32_BIT_CONVERSION = YES;
				GCC_WARN_ABOUT_RETURN_TYPE = YES_ERROR;
				GCC_WARN_UNDECLARED_SELECTOR = YES;
				GCC_WARN_UNINITIALIZED_AUTOS = YES_AGGRESSIVE;
				GCC_WARN_UNUSED_FUNCTION = YES;
				GCC_WARN_UNUSED_VARIABLE = YES;
				IPHONEOS_DEPLOYMENT_TARGET = 12.2;
				MTL_ENABLE_DEBUG_INFO = NO;
				MTL_FAST_MATH = YES;
				SDKROOT = iphoneos;
				SWIFT_COMPILATION_MODE = wholemodule;
				SWIFT_OPTIMIZATION_LEVEL = "-O";
				VALIDATE_PRODUCT = YES;
			};
			name = Release;
		};
		1791218622FA80FC00CA0B32 /* Debug */ = {
			isa = XCBuildConfiguration;
			buildSettings = {
				ASSETCATALOG_COMPILER_APPICON_NAME = AppIcon;
				CODE_SIGN_STYLE = Automatic;
				DEVELOPMENT_TEAM = 9598586LS5;
				FRAMEWORK_SEARCH_PATHS = (
					"$(inherited)",
					"$(PROJECT_DIR)/Carthage/Build/iOS",
				);
				INFOPLIST_FILE = nomadon/Info.plist;
				IPHONEOS_DEPLOYMENT_TARGET = 12.0;
				LD_RUNPATH_SEARCH_PATHS = (
					"$(inherited)",
					"@executable_path/Frameworks",
				);
				PRODUCT_BUNDLE_IDENTIFIER = tanaka.naoto.nomadon;
				PRODUCT_NAME = "$(TARGET_NAME)";
				SWIFT_VERSION = 5.0;
				TARGETED_DEVICE_FAMILY = "1,2";
			};
			name = Debug;
		};
		1791218722FA80FC00CA0B32 /* Release */ = {
			isa = XCBuildConfiguration;
			buildSettings = {
				ASSETCATALOG_COMPILER_APPICON_NAME = AppIcon;
				CODE_SIGN_STYLE = Automatic;
				DEVELOPMENT_TEAM = 9598586LS5;
				FRAMEWORK_SEARCH_PATHS = (
					"$(inherited)",
					"$(PROJECT_DIR)/Carthage/Build/iOS",
				);
				INFOPLIST_FILE = nomadon/Info.plist;
				IPHONEOS_DEPLOYMENT_TARGET = 12.0;
				LD_RUNPATH_SEARCH_PATHS = (
					"$(inherited)",
					"@executable_path/Frameworks",
				);
				PRODUCT_BUNDLE_IDENTIFIER = tanaka.naoto.nomadon;
				PRODUCT_NAME = "$(TARGET_NAME)";
				SWIFT_VERSION = 5.0;
				TARGETED_DEVICE_FAMILY = "1,2";
			};
			name = Release;
		};
		1791218922FA80FC00CA0B32 /* Debug */ = {
			isa = XCBuildConfiguration;
			buildSettings = {
				ALWAYS_EMBED_SWIFT_STANDARD_LIBRARIES = YES;
				BUNDLE_LOADER = "$(TEST_HOST)";
				CODE_SIGN_STYLE = Automatic;
				DEVELOPMENT_TEAM = 9598586LS5;
				INFOPLIST_FILE = nomadonTests/Info.plist;
				LD_RUNPATH_SEARCH_PATHS = (
					"$(inherited)",
					"@executable_path/Frameworks",
					"@loader_path/Frameworks",
				);
				PRODUCT_BUNDLE_IDENTIFIER = tanaka.naoto.nomadonTests;
				PRODUCT_NAME = "$(TARGET_NAME)";
				SWIFT_VERSION = 5.0;
				TARGETED_DEVICE_FAMILY = "1,2";
				TEST_HOST = "$(BUILT_PRODUCTS_DIR)/nomadon.app/nomadon";
			};
			name = Debug;
		};
		1791218A22FA80FC00CA0B32 /* Release */ = {
			isa = XCBuildConfiguration;
			buildSettings = {
				ALWAYS_EMBED_SWIFT_STANDARD_LIBRARIES = YES;
				BUNDLE_LOADER = "$(TEST_HOST)";
				CODE_SIGN_STYLE = Automatic;
				DEVELOPMENT_TEAM = 9598586LS5;
				INFOPLIST_FILE = nomadonTests/Info.plist;
				LD_RUNPATH_SEARCH_PATHS = (
					"$(inherited)",
					"@executable_path/Frameworks",
					"@loader_path/Frameworks",
				);
				PRODUCT_BUNDLE_IDENTIFIER = tanaka.naoto.nomadonTests;
				PRODUCT_NAME = "$(TARGET_NAME)";
				SWIFT_VERSION = 5.0;
				TARGETED_DEVICE_FAMILY = "1,2";
				TEST_HOST = "$(BUILT_PRODUCTS_DIR)/nomadon.app/nomadon";
			};
			name = Release;
		};
		1791218C22FA80FC00CA0B32 /* Debug */ = {
			isa = XCBuildConfiguration;
			buildSettings = {
				ALWAYS_EMBED_SWIFT_STANDARD_LIBRARIES = YES;
				CODE_SIGN_STYLE = Automatic;
				DEVELOPMENT_TEAM = 9598586LS5;
				INFOPLIST_FILE = nomadonUITests/Info.plist;
				LD_RUNPATH_SEARCH_PATHS = (
					"$(inherited)",
					"@executable_path/Frameworks",
					"@loader_path/Frameworks",
				);
				PRODUCT_BUNDLE_IDENTIFIER = tanaka.naoto.nomadonUITests;
				PRODUCT_NAME = "$(TARGET_NAME)";
				SWIFT_VERSION = 5.0;
				TARGETED_DEVICE_FAMILY = "1,2";
				TEST_TARGET_NAME = nomadon;
			};
			name = Debug;
		};
		1791218D22FA80FC00CA0B32 /* Release */ = {
			isa = XCBuildConfiguration;
			buildSettings = {
				ALWAYS_EMBED_SWIFT_STANDARD_LIBRARIES = YES;
				CODE_SIGN_STYLE = Automatic;
				DEVELOPMENT_TEAM = 9598586LS5;
				INFOPLIST_FILE = nomadonUITests/Info.plist;
				LD_RUNPATH_SEARCH_PATHS = (
					"$(inherited)",
					"@executable_path/Frameworks",
					"@loader_path/Frameworks",
				);
				PRODUCT_BUNDLE_IDENTIFIER = tanaka.naoto.nomadonUITests;
				PRODUCT_NAME = "$(TARGET_NAME)";
				SWIFT_VERSION = 5.0;
				TARGETED_DEVICE_FAMILY = "1,2";
				TEST_TARGET_NAME = nomadon;
			};
			name = Release;
		};
/* End XCBuildConfiguration section */

/* Begin XCConfigurationList section */
		1791215822FA80FA00CA0B32 /* Build configuration list for PBXProject "nomadon" */ = {
			isa = XCConfigurationList;
			buildConfigurations = (
				1791218322FA80FC00CA0B32 /* Debug */,
				1791218422FA80FC00CA0B32 /* Release */,
			);
			defaultConfigurationIsVisible = 0;
			defaultConfigurationName = Release;
		};
		1791218522FA80FC00CA0B32 /* Build configuration list for PBXNativeTarget "nomadon" */ = {
			isa = XCConfigurationList;
			buildConfigurations = (
				1791218622FA80FC00CA0B32 /* Debug */,
				1791218722FA80FC00CA0B32 /* Release */,
			);
			defaultConfigurationIsVisible = 0;
			defaultConfigurationName = Release;
		};
		1791218822FA80FC00CA0B32 /* Build configuration list for PBXNativeTarget "nomadonTests" */ = {
			isa = XCConfigurationList;
			buildConfigurations = (
				1791218922FA80FC00CA0B32 /* Debug */,
				1791218A22FA80FC00CA0B32 /* Release */,
			);
			defaultConfigurationIsVisible = 0;
			defaultConfigurationName = Release;
		};
		1791218B22FA80FC00CA0B32 /* Build configuration list for PBXNativeTarget "nomadonUITests" */ = {
			isa = XCConfigurationList;
			buildConfigurations = (
				1791218C22FA80FC00CA0B32 /* Debug */,
				1791218D22FA80FC00CA0B32 /* Release */,
			);
			defaultConfigurationIsVisible = 0;
			defaultConfigurationName = Release;
		};
/* End XCConfigurationList section */
	};
	rootObject = 1791215522FA80FA00CA0B32 /* Project object */;
}
